// !$*UTF8*$!
{
	archiveVersion = 1;
	classes = {
	};
	objectVersion = 77;
	objects = {

/* Begin PBXBuildFile section */
		00B6C6C247241D34A8FB633F /* VoiceInkDeterminismTests.swift in Sources */ = {isa = PBXBuildFile; fileRef = 17D3D0ADD92C320B4DAEDEA8 /* VoiceInkDeterminismTests.swift */; };
		03CE91339D50B7BE9E114560 /* AudioGraphController.swift in Sources */ = {isa = PBXBuildFile; fileRef = 6A2677F7FD3D5C681558BBD6 /* AudioGraphController.swift */; };
		041ADC441CB6F42A72C9E1EF /* hitori-desu.m4a in Resources */ = {isa = PBXBuildFile; fileRef = 7146B662F78440D5BA56FE35 /* hitori-desu.m4a */; };
		0A5AFA6F01E0ED22ADBF8019 /* PracticeEvent.swift in Sources */ = {isa = PBXBuildFile; fileRef = 850959DD1C299DAB5B3C26B6 /* PracticeEvent.swift */; };
		0ADC39D8F064232802B36291 /* AdaptiveScreen.swift in Sources */ = {isa = PBXBuildFile; fileRef = 8478AEA4F00A0EB644CB565D /* AdaptiveScreen.swift */; };
		10CDC4AB904AF758A74A4BC8 /* PracticeReducerTests.swift in Sources */ = {isa = PBXBuildFile; fileRef = 36F2C066D6529B49C0B0EDE1 /* PracticeReducerTests.swift */; };
		162D14C33575C8AC7B2DA742 /* RealtimePolicyVerifierTests.swift in Sources */ = {isa = PBXBuildFile; fileRef = 14B28643B03E1D771DE5B5A6 /* RealtimePolicyVerifierTests.swift */; };
		19586E243C5928A4A349B1F3 /* ProbeEvidenceArchive.swift in Sources */ = {isa = PBXBuildFile; fileRef = DB0D53F02BE96986D9918B5C /* ProbeEvidenceArchive.swift */; };
		1AA06861D4672CD55DB70F27 /* KaiwaLoopView.swift in Sources */ = {isa = PBXBuildFile; fileRef = 8DF60723C742C6AE5DF43713 /* KaiwaLoopView.swift */; };
		1B36CB1A13C4D94AF056E4EF /* CoachedFlowTests.swift in Sources */ = {isa = PBXBuildFile; fileRef = D297ABD876DF71D3E8FDC8DB /* CoachedFlowTests.swift */; };
		1BF2EB3A262301A3F6C3980A /* RenderedPlayoutLedger.swift in Sources */ = {isa = PBXBuildFile; fileRef = 71FB2C09E3ADA8718B6819F3 /* RenderedPlayoutLedger.swift */; };
		237F47BCF8278553461A3F16 /* MATheme.swift in Sources */ = {isa = PBXBuildFile; fileRef = 0013BCC40CA2E5AAE6BA5740 /* MATheme.swift */; };
		245BF8D6D931295DA0AF4D56 /* ProofFactsTests.swift in Sources */ = {isa = PBXBuildFile; fileRef = 0E5BC72F41C0BD59F696240E /* ProofFactsTests.swift */; };
		27083A3247DFF0F2BA56DD9C /* ProbeGateStateTests.swift in Sources */ = {isa = PBXBuildFile; fileRef = D24CE619F2F526CDF0EEA5A4 /* ProbeGateStateTests.swift */; };
		278C51526221CD99A04A9F19 /* ListeningView.swift in Sources */ = {isa = PBXBuildFile; fileRef = 88E6EDCEFE3D230DB3412D40 /* ListeningView.swift */; };
		27DCF306829A48AC0C59C7B7 /* ProbeAppModelTests.swift in Sources */ = {isa = PBXBuildFile; fileRef = 35408EBF1A372E4DB46CFDB2 /* ProbeAppModelTests.swift */; };
		2A5ACDBAEAD2B29029C4DF8C /* RailLayoutTests.swift in Sources */ = {isa = PBXBuildFile; fileRef = 1AC0C26355B279A707F69EFA /* RailLayoutTests.swift */; };
		2F6E93CBC683D5A11FBF2E4F /* MAAudioProbeApp.swift in Sources */ = {isa = PBXBuildFile; fileRef = 6D4CFE16DD1C32E80DE5A277 /* MAAudioProbeApp.swift */; };
		32BA2BD93EBADBC6132009C8 /* AudioGraphConfiguration.swift in Sources */ = {isa = PBXBuildFile; fileRef = 2128273A67F59FFCEF16904B /* AudioGraphConfiguration.swift */; };
		344B2E7F818EF592C7A898EE /* ProbeInputAudioPump.swift in Sources */ = {isa = PBXBuildFile; fileRef = 715D920C296B4AD035F3ACBE /* ProbeInputAudioPump.swift */; };
		36281D5DD0223D1BB7E69763 /* DynamicTypeContainmentUITests.swift in Sources */ = {isa = PBXBuildFile; fileRef = 78DB6FD310956248577B63A8 /* DynamicTypeContainmentUITests.swift */; };
		370689073927191D843D5602 /* MAApp.swift in Sources */ = {isa = PBXBuildFile; fileRef = B4486F882E472A661434FEFF /* MAApp.swift */; };
		3727BA637F1349CBF2A56A04 /* RenderedAudioRingBuffer.swift in Sources */ = {isa = PBXBuildFile; fileRef = 466B9BD8E3A7973EFB5707FA /* RenderedAudioRingBuffer.swift */; };
		3C87822241054011DB6D19A4 /* ProofView.swift in Sources */ = {isa = PBXBuildFile; fileRef = 380A4AC8175F29649C72C6F5 /* ProofView.swift */; };
		3C943257343EADE818A776CC /* HeroSceneCard.swift in Sources */ = {isa = PBXBuildFile; fileRef = 070EF0E2546D48F93EF3C735 /* HeroSceneCard.swift */; };
		4952B7FA12C810F1C5914B46 /* ProductAudioContracts.swift in Sources */ = {isa = PBXBuildFile; fileRef = 7A6C3FF17DF2F7AC273E1B56 /* ProductAudioContracts.swift */; };
		502EB409366DB83DF65E4B88 /* SessionBrokerClientTests.swift in Sources */ = {isa = PBXBuildFile; fileRef = 906C02CDA15F528A25E9F8C9 /* SessionBrokerClientTests.swift */; };
		5AB4A1603E360CBD03B271B5 /* InstallCredentialStore.swift in Sources */ = {isa = PBXBuildFile; fileRef = 630214A181046027ACE3E728 /* InstallCredentialStore.swift */; };
		5ADF7F911F0ADC1B2D6B79BF /* ReplayLabelTests.swift in Sources */ = {isa = PBXBuildFile; fileRef = E68DBE812FA37C08D92CA415 /* ReplayLabelTests.swift */; };
		5D6FB91E62CBA2DB8ED6C980 /* AudioGraphEvidenceStoreTests.swift in Sources */ = {isa = PBXBuildFile; fileRef = 06F8AB80BF1805A3BEB89991 /* AudioGraphEvidenceStoreTests.swift */; };
		60DAE1A10078DFCB596D6EFB /* KaiwaLoopFeatureTests.swift in Sources */ = {isa = PBXBuildFile; fileRef = FD1AF7CB9DA01D3330C13448 /* KaiwaLoopFeatureTests.swift */; };
		666CB3A6D34B8F721D9252E0 /* repair-beat.m4a in Resources */ = {isa = PBXBuildFile; fileRef = 508550C2E38EDF6D68AF4798 /* repair-beat.m4a */; };
		678955B58B18FC10E1ACBABF /* OnboardingProgress.swift in Sources */ = {isa = PBXBuildFile; fileRef = 3330761BE1C4E07FEEA2B042 /* OnboardingProgress.swift */; };
		67F4B586D245BDF6FDB0A3B9 /* AudioCallbackWorker.swift in Sources */ = {isa = PBXBuildFile; fileRef = E8A6AE6CDD7F3BCE3F275C68 /* AudioCallbackWorker.swift */; };
		74F31B092C5D3279A0029F06 /* HeroReplayTests.swift in Sources */ = {isa = PBXBuildFile; fileRef = E7C09632B1362C81A0678342 /* HeroReplayTests.swift */; };
		76D3358C1C4C9B50D694D0CE /* PracticeFeature.swift in Sources */ = {isa = PBXBuildFile; fileRef = 00830096704CB93EC74A6F8D /* PracticeFeature.swift */; };
		77E82760941DAAFCC619B07B /* PracticeState.swift in Sources */ = {isa = PBXBuildFile; fileRef = 53FEEABF591E3DCB4A31A29C /* PracticeState.swift */; };
		7884D70A37B9FDB9470FF8DB /* RealtimeOutboundCommandQueueTests.swift in Sources */ = {isa = PBXBuildFile; fileRef = 50A67F6B2A0962911BE4A102 /* RealtimeOutboundCommandQueueTests.swift */; };
		78F16BB3E35D8E8A46C154ED /* RealtimeOutboundCommandQueue.swift in Sources */ = {isa = PBXBuildFile; fileRef = 203EA7D261672596F93A9518 /* RealtimeOutboundCommandQueue.swift */; };
		794A6A672A8304F9356C29F3 /* AXOverflowTests.swift in Sources */ = {isa = PBXBuildFile; fileRef = F644A5A0AB9ED90350E2F39C /* AXOverflowTests.swift */; };
		79DA244675DD1FE7EC0C7F74 /* RootFlowView.swift in Sources */ = {isa = PBXBuildFile; fileRef = 4719C53EEFEF2BEFEECD7750 /* RootFlowView.swift */; };
		7A8D2F2B000D01CA0BFC7298 /* RealtimeClientCommand.swift in Sources */ = {isa = PBXBuildFile; fileRef = A387FB78CD13AE8E99A37900 /* RealtimeClientCommand.swift */; };
		801BB716E175288B8434840E /* RealtimeServerEventTests.swift in Sources */ = {isa = PBXBuildFile; fileRef = 4A889D72B8B241AC2C95C5E8 /* RealtimeServerEventTests.swift */; };
		80725FE06A8BBDCD251EF18F /* ControlsIntroView.swift in Sources */ = {isa = PBXBuildFile; fileRef = 758534CC01A2F4EB5647EDCF /* ControlsIntroView.swift */; };
		87E2A4C3C2BEF22D86BE954D /* ProbeAppModel.swift in Sources */ = {isa = PBXBuildFile; fileRef = 5640640202127DBA4646CE55 /* ProbeAppModel.swift */; };
		8AABD6A7D2D9EF0C906FB751 /* KaiwaLoopModels.swift in Sources */ = {isa = PBXBuildFile; fileRef = 97DD080819BEA90CB2C3DF5C /* KaiwaLoopModels.swift */; };
		8C3DBB2FB0204DD647BCFAEF /* tutor-resume.m4a in Resources */ = {isa = PBXBuildFile; fileRef = 3E94D58E6F8EA931E8940FA0 /* tutor-resume.m4a */; };
		8C4CD145B4607474F6D6F627 /* InteractiveFixtureFlowTests.swift in Sources */ = {isa = PBXBuildFile; fileRef = B1F226ADF2D15507F36130B4 /* InteractiveFixtureFlowTests.swift */; };
		8DF6CF706AF416538640F858 /* RealtimeWebSocketTransport.swift in Sources */ = {isa = PBXBuildFile; fileRef = F213FFDBA78A05B8FDDA8A9E /* RealtimeWebSocketTransport.swift */; };
		902B4E9CB233C3FBAF74E46C /* RepairView.swift in Sources */ = {isa = PBXBuildFile; fileRef = C99E215606C2BFE2E7F4A9F9 /* RepairView.swift */; };
		90CCD3E162D970F43A7FB05F /* HeardTimelineView.swift in Sources */ = {isa = PBXBuildFile; fileRef = 0E488C4145082F195F187D6B /* HeardTimelineView.swift */; };
		96F9EF5DECD9840FAD8CA205 /* LearnerProfile.swift in Sources */ = {isa = PBXBuildFile; fileRef = 95A2E3A0128CAC7AADC0782B /* LearnerProfile.swift */; };
		9B32BDE8497F15A96F5F75E3 /* RealtimePolicyVerifier.swift in Sources */ = {isa = PBXBuildFile; fileRef = 46A731E7B19BE472F0487BBF /* RealtimePolicyVerifier.swift */; };
		9B54D0198A776F6E99C389EC /* VoiceInkGeometry.swift in Sources */ = {isa = PBXBuildFile; fileRef = 112956C8C4C700F6EBDFDBE8 /* VoiceInkGeometry.swift */; };
		9D6CF909066B530CEF608C64 /* ProbeConfiguration.swift in Sources */ = {isa = PBXBuildFile; fileRef = 877D99D9C1E311DE200CFBDE /* ProbeConfiguration.swift */; };
		9F2A9B41F04FB571C2DC54A3 /* SetupView.swift in Sources */ = {isa = PBXBuildFile; fileRef = 6E3F3D0716536707ACE6F3E9 /* SetupView.swift */; };
		A4E485C8619AD9B42B9E503E /* AudioAssetCatalog.swift in Sources */ = {isa = PBXBuildFile; fileRef = 511CEEB306BB037AC00788EC /* AudioAssetCatalog.swift */; };
		A50A56012FC589F6B43730BA /* PracticeReducer.swift in Sources */ = {isa = PBXBuildFile; fileRef = 5649E42D3B2A206E3CB79B85 /* PracticeReducer.swift */; };
		A717103649EB57A3AF9A6315 /* KaiwaProductSmokeUITests.swift in Sources */ = {isa = PBXBuildFile; fileRef = 2306CE17CFFE2198C3F4DF91 /* KaiwaProductSmokeUITests.swift */; };
		A759798119CD9DF1E06A4671 /* PracticeCapabilities.swift in Sources */ = {isa = PBXBuildFile; fileRef = F2C5EFDDD6F4A42D5D553F47 /* PracticeCapabilities.swift */; };
		A7A1E153A2B6E02F173E7950 /* InkGlyph.swift in Sources */ = {isa = PBXBuildFile; fileRef = AC3B72BC7A20E65C937D21CD /* InkGlyph.swift */; };
		AAC876B6987BEF7808A3E6D0 /* RestaurantForOneFixture.swift in Sources */ = {isa = PBXBuildFile; fileRef = 6A85CAF8EA6CF8EFE5803042 /* RestaurantForOneFixture.swift */; };
		AB130AEA1281A279DD04A4A7 /* VoiceInkView.swift in Sources */ = {isa = PBXBuildFile; fileRef = 9399B8163F519BDA8548A0DB /* VoiceInkView.swift */; };
		AEED92A1512DF22AA798CA7F /* RealtimeClientCommandTests.swift in Sources */ = {isa = PBXBuildFile; fileRef = BA3FD28D2947F48BDB854780 /* RealtimeClientCommandTests.swift */; };
		AFB836052FFBCD4FD40C59D7 /* HeroAccessibilityUITests.swift in Sources */ = {isa = PBXBuildFile; fileRef = 43F7704FA8468D5EE8A4C132 /* HeroAccessibilityUITests.swift */; };
		B12FC6D5AC31D7BF0F20D446 /* SceneCatalogTests.swift in Sources */ = {isa = PBXBuildFile; fileRef = 6FC62F7447E129FB8AF31C40 /* SceneCatalogTests.swift */; };
		B31ACAE8C40AA502A489FA2B /* HeardBeatTests.swift in Sources */ = {isa = PBXBuildFile; fileRef = A61E0F943A49D7C084D919C5 /* HeardBeatTests.swift */; };
		B373BE18A468901F4299376E /* ChromeBar.swift in Sources */ = {isa = PBXBuildFile; fileRef = C2041445B9E146B42D52A757 /* ChromeBar.swift */; };
		B3BBD1AB832D87F6FD424DCE /* RenderedPlayoutLedgerTests.swift in Sources */ = {isa = PBXBuildFile; fileRef = 223E19776AA8E940A441182C /* RenderedPlayoutLedgerTests.swift */; };
		B44D2E7D56DB59C6947C5043 /* ProbeGateView.swift in Sources */ = {isa = PBXBuildFile; fileRef = 19C16B634C6C1B2FBE302214 /* ProbeGateView.swift */; };
		B467BCCB2FCA4FBCC81CC9E8 /* AudioGraphConfigurationTests.swift in Sources */ = {isa = PBXBuildFile; fileRef = 8BD9CD8E25F1CA9D59E53D37 /* AudioGraphConfigurationTests.swift */; };
		B54F260BDB9E14FA5322D557 /* RealtimeServerEvent.swift in Sources */ = {isa = PBXBuildFile; fileRef = 82D8941D30742E1B9090B34D /* RealtimeServerEvent.swift */; };
		B726E6F0E435019C550091CE /* ProbeResponseGateTests.swift in Sources */ = {isa = PBXBuildFile; fileRef = DB58EBB8FC26DDD73669B749 /* ProbeResponseGateTests.swift */; };
		B8CC1F1D9E32B3508F2900D4 /* OnboardingView.swift in Sources */ = {isa = PBXBuildFile; fileRef = A3568626AD76B0F6D70C7C83 /* OnboardingView.swift */; };
		BA2EF7F1776EED6BDEF6A53B /* HomeView.swift in Sources */ = {isa = PBXBuildFile; fileRef = 20A8FEB62A7218824DC02C99 /* HomeView.swift */; };
		BA7CCCA566E1D8B19C0D1DAA /* PracticeRootView.swift in Sources */ = {isa = PBXBuildFile; fileRef = F32E1BF6EB8905882265F6A0 /* PracticeRootView.swift */; };
		BAE42114F4F9384D8137A622 /* AudioGraphEvidenceStore.swift in Sources */ = {isa = PBXBuildFile; fileRef = E167BE3182E6312A7A5F0D62 /* AudioGraphEvidenceStore.swift */; };
		BB4DBC3C37BB68EA3A710FFB /* AudioGraphController.swift in Sources */ = {isa = PBXBuildFile; fileRef = 0606BE10831222AC9AEF3FE3 /* AudioGraphController.swift */; };
		C16013E7EC8BA3C77449937F /* ProfileSheet.swift in Sources */ = {isa = PBXBuildFile; fileRef = B57C9736D3D3C9D531C23ED5 /* ProfileSheet.swift */; };
		C2CA8691F9499E87EEE8B16B /* tutor-turn.m4a in Resources */ = {isa = PBXBuildFile; fileRef = D0AEA21F9EF4F7953D108A11 /* tutor-turn.m4a */; };
		C4C3118360151A7AAA132BA8 /* OnboardingStateTests.swift in Sources */ = {isa = PBXBuildFile; fileRef = E2463855FF594A044D51B60F /* OnboardingStateTests.swift */; };
		C94C713762788E3B7D8C13AF /* ChoiceChip.swift in Sources */ = {isa = PBXBuildFile; fileRef = 004A70BA469F00CB648A18F5 /* ChoiceChip.swift */; };
		D95F6246DAE62304CF0C2539 /* KaiwaLoopFeature.swift in Sources */ = {isa = PBXBuildFile; fileRef = 6A4CAD2424899CA66DDC6B4E /* KaiwaLoopFeature.swift */; };
		DA57E78B6345AF5D60A822B9 /* SceneCatalog.swift in Sources */ = {isa = PBXBuildFile; fileRef = 6F2F4C2A63F264FA76323859 /* SceneCatalog.swift */; };
		E2112BD7073C72ABB27307DF /* ProbeEvidenceArchiveTests.swift in Sources */ = {isa = PBXBuildFile; fileRef = 02F4AADBA499410F2E5DB751 /* ProbeEvidenceArchiveTests.swift */; };
		E2E7A50E29F4EF2EB6AA4FA2 /* ProbeDiagnostics.swift in Sources */ = {isa = PBXBuildFile; fileRef = A850A7554555260E34C6197A /* ProbeDiagnostics.swift */; };
		E6A48D454C2EB776C27BFD6C /* ProbeResponseGate.swift in Sources */ = {isa = PBXBuildFile; fileRef = 4075E790C2787509F9387CAE /* ProbeResponseGate.swift */; };
		EDA0D7742731F986A138D5DD /* RealtimeWebSocketTransportTests.swift in Sources */ = {isa = PBXBuildFile; fileRef = 14778A71E09B6CE1E8CB9C0B /* RealtimeWebSocketTransportTests.swift */; };
		F35DD21B2EA0F55321F9994A /* BackchannelContinuityTests.swift in Sources */ = {isa = PBXBuildFile; fileRef = ABC6FF356AB8B99C82E70CE9 /* BackchannelContinuityTests.swift */; };
		F5778DC3A60D62E7B179436E /* SessionBrokerClient.swift in Sources */ = {isa = PBXBuildFile; fileRef = F9D58BBD32AC307747282B1A /* SessionBrokerClient.swift */; };
		F60ACD080E2323BDFD60C08A /* PrimaryButton.swift in Sources */ = {isa = PBXBuildFile; fileRef = 0B36B671CB72E55828BA4B98 /* PrimaryButton.swift */; };
		F80BA69FF56CD2E580E6ACCC /* CoachedPracticeView.swift in Sources */ = {isa = PBXBuildFile; fileRef = 1F124651CCB19B4C7876516B /* CoachedPracticeView.swift */; };
		F99C2A96AB3E8C240BB39BB1 /* ProbeDiagnosticsTests.swift in Sources */ = {isa = PBXBuildFile; fileRef = 19A51E4F4E48A1454D511D00 /* ProbeDiagnosticsTests.swift */; };
		F9B2F3FA2B501C66796C0DCF /* FirstSuccessView.swift in Sources */ = {isa = PBXBuildFile; fileRef = E53B1EF735883F4CB267D39C /* FirstSuccessView.swift */; };
		FA2052C43808C68CB7439E1C /* RenderedAudioRingBufferTests.swift in Sources */ = {isa = PBXBuildFile; fileRef = EF168459D1D767086A89CFCC /* RenderedAudioRingBufferTests.swift */; };
		FEB6EF739A49DAF1A6067878 /* ProductAudioContractsTests.swift in Sources */ = {isa = PBXBuildFile; fileRef = 6ACE92F7A93FFDF63F90A651 /* ProductAudioContractsTests.swift */; };
/* End PBXBuildFile section */

/* Begin PBXContainerItemProxy section */
		151CE2FF3B65CA51374AC2E9 /* PBXContainerItemProxy */ = {
			isa = PBXContainerItemProxy;
			containerPortal = 6B7FC0E200C5BDDEE9051C1E /* Project object */;
			proxyType = 1;
			remoteGlobalIDString = 38B2F7EA319073995D5BFE00;
			remoteInfo = MA;
		};
		DFEBC1100EF172508F9774D0 /* PBXContainerItemProxy */ = {
			isa = PBXContainerItemProxy;
			containerPortal = 6B7FC0E200C5BDDEE9051C1E /* Project object */;
			proxyType = 1;
			remoteGlobalIDString = 38B2F7EA319073995D5BFE00;
			remoteInfo = MA;
		};
		EB116ADCCB54BF7CC863D566 /* PBXContainerItemProxy */ = {
			isa = PBXContainerItemProxy;
			containerPortal = 6B7FC0E200C5BDDEE9051C1E /* Project object */;
			proxyType = 1;
			remoteGlobalIDString = 6718DFE0A603182466C64613;
			remoteInfo = MAAudioProbe;
		};
/* End PBXContainerItemProxy section */

/* Begin PBXFileReference section */
		0013BCC40CA2E5AAE6BA5740 /* MATheme.swift */ = {isa = PBXFileReference; lastKnownFileType = sourcecode.swift; path = MATheme.swift; sourceTree = "<group>"; };
		004A70BA469F00CB648A18F5 /* ChoiceChip.swift */ = {isa = PBXFileReference; lastKnownFileType = sourcecode.swift; path = ChoiceChip.swift; sourceTree = "<group>"; };
		00830096704CB93EC74A6F8D /* PracticeFeature.swift */ = {isa = PBXFileReference; lastKnownFileType = sourcecode.swift; path = PracticeFeature.swift; sourceTree = "<group>"; };
		02F4AADBA499410F2E5DB751 /* ProbeEvidenceArchiveTests.swift */ = {isa = PBXFileReference; lastKnownFileType = sourcecode.swift; path = ProbeEvidenceArchiveTests.swift; sourceTree = "<group>"; };
		0606BE10831222AC9AEF3FE3 /* AudioGraphController.swift */ = {isa = PBXFileReference; lastKnownFileType = sourcecode.swift; path = AudioGraphController.swift; sourceTree = "<group>"; };
		06F8AB80BF1805A3BEB89991 /* AudioGraphEvidenceStoreTests.swift */ = {isa = PBXFileReference; lastKnownFileType = sourcecode.swift; path = AudioGraphEvidenceStoreTests.swift; sourceTree = "<group>"; };
		070EF0E2546D48F93EF3C735 /* HeroSceneCard.swift */ = {isa = PBXFileReference; lastKnownFileType = sourcecode.swift; path = HeroSceneCard.swift; sourceTree = "<group>"; };
		0B36B671CB72E55828BA4B98 /* PrimaryButton.swift */ = {isa = PBXFileReference; lastKnownFileType = sourcecode.swift; path = PrimaryButton.swift; sourceTree = "<group>"; };
		0E488C4145082F195F187D6B /* HeardTimelineView.swift */ = {isa = PBXFileReference; lastKnownFileType = sourcecode.swift; path = HeardTimelineView.swift; sourceTree = "<group>"; };
		0E5BC72F41C0BD59F696240E /* ProofFactsTests.swift */ = {isa = PBXFileReference; lastKnownFileType = sourcecode.swift; path = ProofFactsTests.swift; sourceTree = "<group>"; };
		112956C8C4C700F6EBDFDBE8 /* VoiceInkGeometry.swift */ = {isa = PBXFileReference; lastKnownFileType = sourcecode.swift; path = VoiceInkGeometry.swift; sourceTree = "<group>"; };
		12791F3A18A8DFEF656DC8BD /* MAAudioProbe.app */ = {isa = PBXFileReference; includeInIndex = 0; lastKnownFileType = wrapper.application; path = MAAudioProbe.app; sourceTree = BUILT_PRODUCTS_DIR; };
		1301D3DEEF8FE1F45BEB6823 /* MAAudioProbeTests.xctest */ = {isa = PBXFileReference; includeInIndex = 0; lastKnownFileType = wrapper.cfbundle; path = MAAudioProbeTests.xctest; sourceTree = BUILT_PRODUCTS_DIR; };
		14778A71E09B6CE1E8CB9C0B /* RealtimeWebSocketTransportTests.swift */ = {isa = PBXFileReference; lastKnownFileType = sourcecode.swift; path = RealtimeWebSocketTransportTests.swift; sourceTree = "<group>"; };
		14B28643B03E1D771DE5B5A6 /* RealtimePolicyVerifierTests.swift */ = {isa = PBXFileReference; lastKnownFileType = sourcecode.swift; path = RealtimePolicyVerifierTests.swift; sourceTree = "<group>"; };
		17D3D0ADD92C320B4DAEDEA8 /* VoiceInkDeterminismTests.swift */ = {isa = PBXFileReference; lastKnownFileType = sourcecode.swift; path = VoiceInkDeterminismTests.swift; sourceTree = "<group>"; };
		19A51E4F4E48A1454D511D00 /* ProbeDiagnosticsTests.swift */ = {isa = PBXFileReference; lastKnownFileType = sourcecode.swift; path = ProbeDiagnosticsTests.swift; sourceTree = "<group>"; };
		19C16B634C6C1B2FBE302214 /* ProbeGateView.swift */ = {isa = PBXFileReference; lastKnownFileType = sourcecode.swift; path = ProbeGateView.swift; sourceTree = "<group>"; };
		1AC0C26355B279A707F69EFA /* RailLayoutTests.swift */ = {isa = PBXFileReference; lastKnownFileType = sourcecode.swift; path = RailLayoutTests.swift; sourceTree = "<group>"; };
		1F124651CCB19B4C7876516B /* CoachedPracticeView.swift */ = {isa = PBXFileReference; lastKnownFileType = sourcecode.swift; path = CoachedPracticeView.swift; sourceTree = "<group>"; };
		203EA7D261672596F93A9518 /* RealtimeOutboundCommandQueue.swift */ = {isa = PBXFileReference; lastKnownFileType = sourcecode.swift; path = RealtimeOutboundCommandQueue.swift; sourceTree = "<group>"; };
		20A8FEB62A7218824DC02C99 /* HomeView.swift */ = {isa = PBXFileReference; lastKnownFileType = sourcecode.swift; path = HomeView.swift; sourceTree = "<group>"; };
		2128273A67F59FFCEF16904B /* AudioGraphConfiguration.swift */ = {isa = PBXFileReference; lastKnownFileType = sourcecode.swift; path = AudioGraphConfiguration.swift; sourceTree = "<group>"; };
		223E19776AA8E940A441182C /* RenderedPlayoutLedgerTests.swift */ = {isa = PBXFileReference; lastKnownFileType = sourcecode.swift; path = RenderedPlayoutLedgerTests.swift; sourceTree = "<group>"; };
		2306CE17CFFE2198C3F4DF91 /* KaiwaProductSmokeUITests.swift */ = {isa = PBXFileReference; lastKnownFileType = sourcecode.swift; path = KaiwaProductSmokeUITests.swift; sourceTree = "<group>"; };
		3330761BE1C4E07FEEA2B042 /* OnboardingProgress.swift */ = {isa = PBXFileReference; lastKnownFileType = sourcecode.swift; path = OnboardingProgress.swift; sourceTree = "<group>"; };
		35408EBF1A372E4DB46CFDB2 /* ProbeAppModelTests.swift */ = {isa = PBXFileReference; lastKnownFileType = sourcecode.swift; path = ProbeAppModelTests.swift; sourceTree = "<group>"; };
		36F2C066D6529B49C0B0EDE1 /* PracticeReducerTests.swift */ = {isa = PBXFileReference; lastKnownFileType = sourcecode.swift; path = PracticeReducerTests.swift; sourceTree = "<group>"; };
		380A4AC8175F29649C72C6F5 /* ProofView.swift */ = {isa = PBXFileReference; lastKnownFileType = sourcecode.swift; path = ProofView.swift; sourceTree = "<group>"; };
		38A26651B63A69422EC6A4F1 /* MAUITests.xctest */ = {isa = PBXFileReference; includeInIndex = 0; lastKnownFileType = wrapper.cfbundle; path = MAUITests.xctest; sourceTree = BUILT_PRODUCTS_DIR; };
		38B1567D46058BF236FBF972 /* MATests.xctest */ = {isa = PBXFileReference; includeInIndex = 0; lastKnownFileType = wrapper.cfbundle; path = MATests.xctest; sourceTree = BUILT_PRODUCTS_DIR; };
		3E94D58E6F8EA931E8940FA0 /* tutor-resume.m4a */ = {isa = PBXFileReference; path = "tutor-resume.m4a"; sourceTree = "<group>"; };
		4075E790C2787509F9387CAE /* ProbeResponseGate.swift */ = {isa = PBXFileReference; lastKnownFileType = sourcecode.swift; path = ProbeResponseGate.swift; sourceTree = "<group>"; };
		43F7704FA8468D5EE8A4C132 /* HeroAccessibilityUITests.swift */ = {isa = PBXFileReference; lastKnownFileType = sourcecode.swift; path = HeroAccessibilityUITests.swift; sourceTree = "<group>"; };
		466B9BD8E3A7973EFB5707FA /* RenderedAudioRingBuffer.swift */ = {isa = PBXFileReference; lastKnownFileType = sourcecode.swift; path = RenderedAudioRingBuffer.swift; sourceTree = "<group>"; };
		46A731E7B19BE472F0487BBF /* RealtimePolicyVerifier.swift */ = {isa = PBXFileReference; lastKnownFileType = sourcecode.swift; path = RealtimePolicyVerifier.swift; sourceTree = "<group>"; };
		4719C53EEFEF2BEFEECD7750 /* RootFlowView.swift */ = {isa = PBXFileReference; lastKnownFileType = sourcecode.swift; path = RootFlowView.swift; sourceTree = "<group>"; };
		4A889D72B8B241AC2C95C5E8 /* RealtimeServerEventTests.swift */ = {isa = PBXFileReference; lastKnownFileType = sourcecode.swift; path = RealtimeServerEventTests.swift; sourceTree = "<group>"; };
		508550C2E38EDF6D68AF4798 /* repair-beat.m4a */ = {isa = PBXFileReference; path = "repair-beat.m4a"; sourceTree = "<group>"; };
		50A67F6B2A0962911BE4A102 /* RealtimeOutboundCommandQueueTests.swift */ = {isa = PBXFileReference; lastKnownFileType = sourcecode.swift; path = RealtimeOutboundCommandQueueTests.swift; sourceTree = "<group>"; };
		511CEEB306BB037AC00788EC /* AudioAssetCatalog.swift */ = {isa = PBXFileReference; lastKnownFileType = sourcecode.swift; path = AudioAssetCatalog.swift; sourceTree = "<group>"; };
		53FEEABF591E3DCB4A31A29C /* PracticeState.swift */ = {isa = PBXFileReference; lastKnownFileType = sourcecode.swift; path = PracticeState.swift; sourceTree = "<group>"; };
		5640640202127DBA4646CE55 /* ProbeAppModel.swift */ = {isa = PBXFileReference; lastKnownFileType = sourcecode.swift; path = ProbeAppModel.swift; sourceTree = "<group>"; };
		5649E42D3B2A206E3CB79B85 /* PracticeReducer.swift */ = {isa = PBXFileReference; lastKnownFileType = sourcecode.swift; path = PracticeReducer.swift; sourceTree = "<group>"; };
		630214A181046027ACE3E728 /* InstallCredentialStore.swift */ = {isa = PBXFileReference; lastKnownFileType = sourcecode.swift; path = InstallCredentialStore.swift; sourceTree = "<group>"; };
		6A2677F7FD3D5C681558BBD6 /* AudioGraphController.swift */ = {isa = PBXFileReference; lastKnownFileType = sourcecode.swift; path = AudioGraphController.swift; sourceTree = "<group>"; };
		6A4CAD2424899CA66DDC6B4E /* KaiwaLoopFeature.swift */ = {isa = PBXFileReference; lastKnownFileType = sourcecode.swift; path = KaiwaLoopFeature.swift; sourceTree = "<group>"; };
		6A85CAF8EA6CF8EFE5803042 /* RestaurantForOneFixture.swift */ = {isa = PBXFileReference; lastKnownFileType = sourcecode.swift; path = RestaurantForOneFixture.swift; sourceTree = "<group>"; };
		6ACE92F7A93FFDF63F90A651 /* ProductAudioContractsTests.swift */ = {isa = PBXFileReference; lastKnownFileType = sourcecode.swift; path = ProductAudioContractsTests.swift; sourceTree = "<group>"; };
		6D4CFE16DD1C32E80DE5A277 /* MAAudioProbeApp.swift */ = {isa = PBXFileReference; lastKnownFileType = sourcecode.swift; path = MAAudioProbeApp.swift; sourceTree = "<group>"; };
		6E3F3D0716536707ACE6F3E9 /* SetupView.swift */ = {isa = PBXFileReference; lastKnownFileType = sourcecode.swift; path = SetupView.swift; sourceTree = "<group>"; };
		6F2F4C2A63F264FA76323859 /* SceneCatalog.swift */ = {isa = PBXFileReference; lastKnownFileType = sourcecode.swift; path = SceneCatalog.swift; sourceTree = "<group>"; };
		6FC62F7447E129FB8AF31C40 /* SceneCatalogTests.swift */ = {isa = PBXFileReference; lastKnownFileType = sourcecode.swift; path = SceneCatalogTests.swift; sourceTree = "<group>"; };
		7146B662F78440D5BA56FE35 /* hitori-desu.m4a */ = {isa = PBXFileReference; path = "hitori-desu.m4a"; sourceTree = "<group>"; };
		715D920C296B4AD035F3ACBE /* ProbeInputAudioPump.swift */ = {isa = PBXFileReference; lastKnownFileType = sourcecode.swift; path = ProbeInputAudioPump.swift; sourceTree = "<group>"; };
		71FB2C09E3ADA8718B6819F3 /* RenderedPlayoutLedger.swift */ = {isa = PBXFileReference; lastKnownFileType = sourcecode.swift; path = RenderedPlayoutLedger.swift; sourceTree = "<group>"; };
		758534CC01A2F4EB5647EDCF /* ControlsIntroView.swift */ = {isa = PBXFileReference; lastKnownFileType = sourcecode.swift; path = ControlsIntroView.swift; sourceTree = "<group>"; };
		78DB6FD310956248577B63A8 /* DynamicTypeContainmentUITests.swift */ = {isa = PBXFileReference; lastKnownFileType = sourcecode.swift; path = DynamicTypeContainmentUITests.swift; sourceTree = "<group>"; };
		7A6C3FF17DF2F7AC273E1B56 /* ProductAudioContracts.swift */ = {isa = PBXFileReference; lastKnownFileType = sourcecode.swift; path = ProductAudioContracts.swift; sourceTree = "<group>"; };
		82D8941D30742E1B9090B34D /* RealtimeServerEvent.swift */ = {isa = PBXFileReference; lastKnownFileType = sourcecode.swift; path = RealtimeServerEvent.swift; sourceTree = "<group>"; };
		8478AEA4F00A0EB644CB565D /* AdaptiveScreen.swift */ = {isa = PBXFileReference; lastKnownFileType = sourcecode.swift; path = AdaptiveScreen.swift; sourceTree = "<group>"; };
		850959DD1C299DAB5B3C26B6 /* PracticeEvent.swift */ = {isa = PBXFileReference; lastKnownFileType = sourcecode.swift; path = PracticeEvent.swift; sourceTree = "<group>"; };
		877D99D9C1E311DE200CFBDE /* ProbeConfiguration.swift */ = {isa = PBXFileReference; lastKnownFileType = sourcecode.swift; path = ProbeConfiguration.swift; sourceTree = "<group>"; };
		88E6EDCEFE3D230DB3412D40 /* ListeningView.swift */ = {isa = PBXFileReference; lastKnownFileType = sourcecode.swift; path = ListeningView.swift; sourceTree = "<group>"; };
		8BD9CD8E25F1CA9D59E53D37 /* AudioGraphConfigurationTests.swift */ = {isa = PBXFileReference; lastKnownFileType = sourcecode.swift; path = AudioGraphConfigurationTests.swift; sourceTree = "<group>"; };
		8DF60723C742C6AE5DF43713 /* KaiwaLoopView.swift */ = {isa = PBXFileReference; lastKnownFileType = sourcecode.swift; path = KaiwaLoopView.swift; sourceTree = "<group>"; };
		906C02CDA15F528A25E9F8C9 /* SessionBrokerClientTests.swift */ = {isa = PBXFileReference; lastKnownFileType = sourcecode.swift; path = SessionBrokerClientTests.swift; sourceTree = "<group>"; };
		9399B8163F519BDA8548A0DB /* VoiceInkView.swift */ = {isa = PBXFileReference; lastKnownFileType = sourcecode.swift; path = VoiceInkView.swift; sourceTree = "<group>"; };
		95A2E3A0128CAC7AADC0782B /* LearnerProfile.swift */ = {isa = PBXFileReference; lastKnownFileType = sourcecode.swift; path = LearnerProfile.swift; sourceTree = "<group>"; };
		97DD080819BEA90CB2C3DF5C /* KaiwaLoopModels.swift */ = {isa = PBXFileReference; lastKnownFileType = sourcecode.swift; path = KaiwaLoopModels.swift; sourceTree = "<group>"; };
		A3568626AD76B0F6D70C7C83 /* OnboardingView.swift */ = {isa = PBXFileReference; lastKnownFileType = sourcecode.swift; path = OnboardingView.swift; sourceTree = "<group>"; };
		A387FB78CD13AE8E99A37900 /* RealtimeClientCommand.swift */ = {isa = PBXFileReference; lastKnownFileType = sourcecode.swift; path = RealtimeClientCommand.swift; sourceTree = "<group>"; };
		A61E0F943A49D7C084D919C5 /* HeardBeatTests.swift */ = {isa = PBXFileReference; lastKnownFileType = sourcecode.swift; path = HeardBeatTests.swift; sourceTree = "<group>"; };
		A850A7554555260E34C6197A /* ProbeDiagnostics.swift */ = {isa = PBXFileReference; lastKnownFileType = sourcecode.swift; path = ProbeDiagnostics.swift; sourceTree = "<group>"; };
		ABC6FF356AB8B99C82E70CE9 /* BackchannelContinuityTests.swift */ = {isa = PBXFileReference; lastKnownFileType = sourcecode.swift; path = BackchannelContinuityTests.swift; sourceTree = "<group>"; };
		AC3B72BC7A20E65C937D21CD /* InkGlyph.swift */ = {isa = PBXFileReference; lastKnownFileType = sourcecode.swift; path = InkGlyph.swift; sourceTree = "<group>"; };
		B1F226ADF2D15507F36130B4 /* InteractiveFixtureFlowTests.swift */ = {isa = PBXFileReference; lastKnownFileType = sourcecode.swift; path = InteractiveFixtureFlowTests.swift; sourceTree = "<group>"; };
		B4486F882E472A661434FEFF /* MAApp.swift */ = {isa = PBXFileReference; lastKnownFileType = sourcecode.swift; path = MAApp.swift; sourceTree = "<group>"; };
		B57C9736D3D3C9D531C23ED5 /* ProfileSheet.swift */ = {isa = PBXFileReference; lastKnownFileType = sourcecode.swift; path = ProfileSheet.swift; sourceTree = "<group>"; };
		B9C0DB466F0F0EBBB26A2AE9 /* MA.app */ = {isa = PBXFileReference; includeInIndex = 0; lastKnownFileType = wrapper.application; path = MA.app; sourceTree = BUILT_PRODUCTS_DIR; };
		BA3FD28D2947F48BDB854780 /* RealtimeClientCommandTests.swift */ = {isa = PBXFileReference; lastKnownFileType = sourcecode.swift; path = RealtimeClientCommandTests.swift; sourceTree = "<group>"; };
		C2041445B9E146B42D52A757 /* ChromeBar.swift */ = {isa = PBXFileReference; lastKnownFileType = sourcecode.swift; path = ChromeBar.swift; sourceTree = "<group>"; };
		C99E215606C2BFE2E7F4A9F9 /* RepairView.swift */ = {isa = PBXFileReference; lastKnownFileType = sourcecode.swift; path = RepairView.swift; sourceTree = "<group>"; };
		D0AEA21F9EF4F7953D108A11 /* tutor-turn.m4a */ = {isa = PBXFileReference; path = "tutor-turn.m4a"; sourceTree = "<group>"; };
		D24CE619F2F526CDF0EEA5A4 /* ProbeGateStateTests.swift */ = {isa = PBXFileReference; lastKnownFileType = sourcecode.swift; path = ProbeGateStateTests.swift; sourceTree = "<group>"; };
		D297ABD876DF71D3E8FDC8DB /* CoachedFlowTests.swift */ = {isa = PBXFileReference; lastKnownFileType = sourcecode.swift; path = CoachedFlowTests.swift; sourceTree = "<group>"; };
		DB0D53F02BE96986D9918B5C /* ProbeEvidenceArchive.swift */ = {isa = PBXFileReference; lastKnownFileType = sourcecode.swift; path = ProbeEvidenceArchive.swift; sourceTree = "<group>"; };
		DB58EBB8FC26DDD73669B749 /* ProbeResponseGateTests.swift */ = {isa = PBXFileReference; lastKnownFileType = sourcecode.swift; path = ProbeResponseGateTests.swift; sourceTree = "<group>"; };
		E167BE3182E6312A7A5F0D62 /* AudioGraphEvidenceStore.swift */ = {isa = PBXFileReference; lastKnownFileType = sourcecode.swift; path = AudioGraphEvidenceStore.swift; sourceTree = "<group>"; };
		E2463855FF594A044D51B60F /* OnboardingStateTests.swift */ = {isa = PBXFileReference; lastKnownFileType = sourcecode.swift; path = OnboardingStateTests.swift; sourceTree = "<group>"; };
		E53B1EF735883F4CB267D39C /* FirstSuccessView.swift */ = {isa = PBXFileReference; lastKnownFileType = sourcecode.swift; path = FirstSuccessView.swift; sourceTree = "<group>"; };
		E68DBE812FA37C08D92CA415 /* ReplayLabelTests.swift */ = {isa = PBXFileReference; lastKnownFileType = sourcecode.swift; path = ReplayLabelTests.swift; sourceTree = "<group>"; };
		E7C09632B1362C81A0678342 /* HeroReplayTests.swift */ = {isa = PBXFileReference; lastKnownFileType = sourcecode.swift; path = HeroReplayTests.swift; sourceTree = "<group>"; };
		E8A6AE6CDD7F3BCE3F275C68 /* AudioCallbackWorker.swift */ = {isa = PBXFileReference; lastKnownFileType = sourcecode.swift; path = AudioCallbackWorker.swift; sourceTree = "<group>"; };
		EF168459D1D767086A89CFCC /* RenderedAudioRingBufferTests.swift */ = {isa = PBXFileReference; lastKnownFileType = sourcecode.swift; path = RenderedAudioRingBufferTests.swift; sourceTree = "<group>"; };
		F213FFDBA78A05B8FDDA8A9E /* RealtimeWebSocketTransport.swift */ = {isa = PBXFileReference; lastKnownFileType = sourcecode.swift; path = RealtimeWebSocketTransport.swift; sourceTree = "<group>"; };
		F2C5EFDDD6F4A42D5D553F47 /* PracticeCapabilities.swift */ = {isa = PBXFileReference; lastKnownFileType = sourcecode.swift; path = PracticeCapabilities.swift; sourceTree = "<group>"; };
		F32E1BF6EB8905882265F6A0 /* PracticeRootView.swift */ = {isa = PBXFileReference; lastKnownFileType = sourcecode.swift; path = PracticeRootView.swift; sourceTree = "<group>"; };
		F644A5A0AB9ED90350E2F39C /* AXOverflowTests.swift */ = {isa = PBXFileReference; lastKnownFileType = sourcecode.swift; path = AXOverflowTests.swift; sourceTree = "<group>"; };
		F9D58BBD32AC307747282B1A /* SessionBrokerClient.swift */ = {isa = PBXFileReference; lastKnownFileType = sourcecode.swift; path = SessionBrokerClient.swift; sourceTree = "<group>"; };
		FD1AF7CB9DA01D3330C13448 /* KaiwaLoopFeatureTests.swift */ = {isa = PBXFileReference; lastKnownFileType = sourcecode.swift; path = KaiwaLoopFeatureTests.swift; sourceTree = "<group>"; };
/* End PBXFileReference section */

/* Begin PBXGroup section */
		09463BC56FB046F55EC7FB44 /* Onboarding */ = {
			isa = PBXGroup;
			children = (
				A3568626AD76B0F6D70C7C83 /* OnboardingView.swift */,
			);
			path = Onboarding;
			sourceTree = "<group>";
		};
		0F6E89BCD0B7AFD14303A76F /* MATests */ = {
			isa = PBXGroup;
			children = (
				F644A5A0AB9ED90350E2F39C /* AXOverflowTests.swift */,
				ABC6FF356AB8B99C82E70CE9 /* BackchannelContinuityTests.swift */,
				D297ABD876DF71D3E8FDC8DB /* CoachedFlowTests.swift */,
				A61E0F943A49D7C084D919C5 /* HeardBeatTests.swift */,
				E7C09632B1362C81A0678342 /* HeroReplayTests.swift */,
				B1F226ADF2D15507F36130B4 /* InteractiveFixtureFlowTests.swift */,
				FD1AF7CB9DA01D3330C13448 /* KaiwaLoopFeatureTests.swift */,
				E2463855FF594A044D51B60F /* OnboardingStateTests.swift */,
				36F2C066D6529B49C0B0EDE1 /* PracticeReducerTests.swift */,
				6ACE92F7A93FFDF63F90A651 /* ProductAudioContractsTests.swift */,
				0E5BC72F41C0BD59F696240E /* ProofFactsTests.swift */,
				1AC0C26355B279A707F69EFA /* RailLayoutTests.swift */,
				E68DBE812FA37C08D92CA415 /* ReplayLabelTests.swift */,
				6FC62F7447E129FB8AF31C40 /* SceneCatalogTests.swift */,
				17D3D0ADD92C320B4DAEDEA8 /* VoiceInkDeterminismTests.swift */,
			);
			path = MATests;
			sourceTree = "<group>";
		};
		1734BF477F2541E13B28CD7D /* Infrastructure */ = {
			isa = PBXGroup;
			children = (
				630214A181046027ACE3E728 /* InstallCredentialStore.swift */,
				877D99D9C1E311DE200CFBDE /* ProbeConfiguration.swift */,
				F9D58BBD32AC307747282B1A /* SessionBrokerClient.swift */,
			);
			path = Infrastructure;
			sourceTree = "<group>";
		};
		349F0FDCD4FCDDBAEDF7D371 /* Audio */ = {
			isa = PBXGroup;
			children = (
				7146B662F78440D5BA56FE35 /* hitori-desu.m4a */,
				508550C2E38EDF6D68AF4798 /* repair-beat.m4a */,
				3E94D58E6F8EA931E8940FA0 /* tutor-resume.m4a */,
				D0AEA21F9EF4F7953D108A11 /* tutor-turn.m4a */,
			);
			path = Audio;
			sourceTree = "<group>";
		};
		3BF8D0B664FC5FA3083B5046 = {
			isa = PBXGroup;
			children = (
				4C457A72FF4A99A96013F236 /* apps */,
				F1093BA5156E826BEF3D6EB4 /* Products */,
			);
			sourceTree = "<group>";
		};
		3F22F4CD37B9B06E8FA39958 /* MA */ = {
			isa = PBXGroup;
			children = (
				4829FFFAB4CF764D1D08A70A /* Audio */,
				5F3DDEA8C1CC4A406828600E /* Domain */,
				EEBB15BD526ED2FE81CC6DA8 /* Features */,
				C688B664955E0A9413ABF381 /* Resources */,
				DDB098F3352F304CC0538738 /* Theme */,
				978644F2D830B4F6035CD498 /* Views */,
				53FF9AB00B5421B20EC4B92D /* VoiceInk */,
				B4486F882E472A661434FEFF /* MAApp.swift */,
				00830096704CB93EC74A6F8D /* PracticeFeature.swift */,
			);
			path = MA;
			sourceTree = "<group>";
		};
		4829FFFAB4CF764D1D08A70A /* Audio */ = {
			isa = PBXGroup;
			children = (
				511CEEB306BB037AC00788EC /* AudioAssetCatalog.swift */,
				6A2677F7FD3D5C681558BBD6 /* AudioGraphController.swift */,
				7A6C3FF17DF2F7AC273E1B56 /* ProductAudioContracts.swift */,
			);
			path = Audio;
			sourceTree = "<group>";
		};
		48675947968BB89BA7FF3ACC /* KaiwaLoop */ = {
			isa = PBXGroup;
			children = (
				6A4CAD2424899CA66DDC6B4E /* KaiwaLoopFeature.swift */,
				8DF60723C742C6AE5DF43713 /* KaiwaLoopView.swift */,
			);
			path = KaiwaLoop;
			sourceTree = "<group>";
		};
		4C457A72FF4A99A96013F236 /* apps */ = {
			isa = PBXGroup;
			children = (
				3F22F4CD37B9B06E8FA39958 /* MA */,
				DEDDDD1E4F7A5F523ABE660E /* MAAudioProbe */,
				DC207936A3EED53E4844ECD6 /* MAAudioProbeTests */,
				0F6E89BCD0B7AFD14303A76F /* MATests */,
				679C26569A921FF8860BE2C6 /* MAUITests */,
			);
			path = apps;
			sourceTree = "<group>";
		};
		53FF9AB00B5421B20EC4B92D /* VoiceInk */ = {
			isa = PBXGroup;
			children = (
				112956C8C4C700F6EBDFDBE8 /* VoiceInkGeometry.swift */,
				9399B8163F519BDA8548A0DB /* VoiceInkView.swift */,
			);
			path = VoiceInk;
			sourceTree = "<group>";
		};
		5F3DDEA8C1CC4A406828600E /* Domain */ = {
			isa = PBXGroup;
			children = (
				97DD080819BEA90CB2C3DF5C /* KaiwaLoopModels.swift */,
				95A2E3A0128CAC7AADC0782B /* LearnerProfile.swift */,
				3330761BE1C4E07FEEA2B042 /* OnboardingProgress.swift */,
				F2C5EFDDD6F4A42D5D553F47 /* PracticeCapabilities.swift */,
				850959DD1C299DAB5B3C26B6 /* PracticeEvent.swift */,
				5649E42D3B2A206E3CB79B85 /* PracticeReducer.swift */,
				53FEEABF591E3DCB4A31A29C /* PracticeState.swift */,
				6A85CAF8EA6CF8EFE5803042 /* RestaurantForOneFixture.swift */,
				6F2F4C2A63F264FA76323859 /* SceneCatalog.swift */,
			);
			path = Domain;
			sourceTree = "<group>";
		};
		614B1D83677DEACDD89AE8F5 /* Audio */ = {
			isa = PBXGroup;
			children = (
				E8A6AE6CDD7F3BCE3F275C68 /* AudioCallbackWorker.swift */,
				2128273A67F59FFCEF16904B /* AudioGraphConfiguration.swift */,
				0606BE10831222AC9AEF3FE3 /* AudioGraphController.swift */,
				E167BE3182E6312A7A5F0D62 /* AudioGraphEvidenceStore.swift */,
				466B9BD8E3A7973EFB5707FA /* RenderedAudioRingBuffer.swift */,
				71FB2C09E3ADA8718B6819F3 /* RenderedPlayoutLedger.swift */,
			);
			path = Audio;
			sourceTree = "<group>";
		};
		679C26569A921FF8860BE2C6 /* MAUITests */ = {
			isa = PBXGroup;
			children = (
				78DB6FD310956248577B63A8 /* DynamicTypeContainmentUITests.swift */,
				43F7704FA8468D5EE8A4C132 /* HeroAccessibilityUITests.swift */,
				2306CE17CFFE2198C3F4DF91 /* KaiwaProductSmokeUITests.swift */,
			);
			path = MAUITests;
			sourceTree = "<group>";
		};
		79644D7E1252F13E3F78B90A /* Evidence */ = {
			isa = PBXGroup;
			children = (
				A850A7554555260E34C6197A /* ProbeDiagnostics.swift */,
				DB0D53F02BE96986D9918B5C /* ProbeEvidenceArchive.swift */,
			);
			path = Evidence;
			sourceTree = "<group>";
		};
		978644F2D830B4F6035CD498 /* Views */ = {
			isa = PBXGroup;
			children = (
				C45F763E6622FFE9BBF2A0C5 /* Components */,
				DC9166F6E703D4AAB252FFA7 /* Home */,
				09463BC56FB046F55EC7FB44 /* Onboarding */,
				1F124651CCB19B4C7876516B /* CoachedPracticeView.swift */,
				758534CC01A2F4EB5647EDCF /* ControlsIntroView.swift */,
				E53B1EF735883F4CB267D39C /* FirstSuccessView.swift */,
				88E6EDCEFE3D230DB3412D40 /* ListeningView.swift */,
				F32E1BF6EB8905882265F6A0 /* PracticeRootView.swift */,
				380A4AC8175F29649C72C6F5 /* ProofView.swift */,
				C99E215606C2BFE2E7F4A9F9 /* RepairView.swift */,
				4719C53EEFEF2BEFEECD7750 /* RootFlowView.swift */,
				6E3F3D0716536707ACE6F3E9 /* SetupView.swift */,
			);
			path = Views;
			sourceTree = "<group>";
		};
		C45F763E6622FFE9BBF2A0C5 /* Components */ = {
			isa = PBXGroup;
			children = (
				8478AEA4F00A0EB644CB565D /* AdaptiveScreen.swift */,
				004A70BA469F00CB648A18F5 /* ChoiceChip.swift */,
				C2041445B9E146B42D52A757 /* ChromeBar.swift */,
				0E488C4145082F195F187D6B /* HeardTimelineView.swift */,
				AC3B72BC7A20E65C937D21CD /* InkGlyph.swift */,
				0B36B671CB72E55828BA4B98 /* PrimaryButton.swift */,
			);
			path = Components;
			sourceTree = "<group>";
		};
		C688B664955E0A9413ABF381 /* Resources */ = {
			isa = PBXGroup;
			children = (
				349F0FDCD4FCDDBAEDF7D371 /* Audio */,
			);
			path = Resources;
			sourceTree = "<group>";
		};
		DC207936A3EED53E4844ECD6 /* MAAudioProbeTests */ = {
			isa = PBXGroup;
			children = (
				8BD9CD8E25F1CA9D59E53D37 /* AudioGraphConfigurationTests.swift */,
				06F8AB80BF1805A3BEB89991 /* AudioGraphEvidenceStoreTests.swift */,
				35408EBF1A372E4DB46CFDB2 /* ProbeAppModelTests.swift */,
				19A51E4F4E48A1454D511D00 /* ProbeDiagnosticsTests.swift */,
				02F4AADBA499410F2E5DB751 /* ProbeEvidenceArchiveTests.swift */,
				D24CE619F2F526CDF0EEA5A4 /* ProbeGateStateTests.swift */,
				DB58EBB8FC26DDD73669B749 /* ProbeResponseGateTests.swift */,
				BA3FD28D2947F48BDB854780 /* RealtimeClientCommandTests.swift */,
				50A67F6B2A0962911BE4A102 /* RealtimeOutboundCommandQueueTests.swift */,
				14B28643B03E1D771DE5B5A6 /* RealtimePolicyVerifierTests.swift */,
				4A889D72B8B241AC2C95C5E8 /* RealtimeServerEventTests.swift */,
				14778A71E09B6CE1E8CB9C0B /* RealtimeWebSocketTransportTests.swift */,
				EF168459D1D767086A89CFCC /* RenderedAudioRingBufferTests.swift */,
				223E19776AA8E940A441182C /* RenderedPlayoutLedgerTests.swift */,
				906C02CDA15F528A25E9F8C9 /* SessionBrokerClientTests.swift */,
			);
			path = MAAudioProbeTests;
			sourceTree = "<group>";
		};
		DC9166F6E703D4AAB252FFA7 /* Home */ = {
			isa = PBXGroup;
			children = (
				070EF0E2546D48F93EF3C735 /* HeroSceneCard.swift */,
				20A8FEB62A7218824DC02C99 /* HomeView.swift */,
				B57C9736D3D3C9D531C23ED5 /* ProfileSheet.swift */,
			);
			path = Home;
			sourceTree = "<group>";
		};
		DDB098F3352F304CC0538738 /* Theme */ = {
			isa = PBXGroup;
			children = (
				0013BCC40CA2E5AAE6BA5740 /* MATheme.swift */,
			);
			path = Theme;
			sourceTree = "<group>";
		};
		DEDDDD1E4F7A5F523ABE660E /* MAAudioProbe */ = {
			isa = PBXGroup;
			children = (
				614B1D83677DEACDD89AE8F5 /* Audio */,
				79644D7E1252F13E3F78B90A /* Evidence */,
				1734BF477F2541E13B28CD7D /* Infrastructure */,
				F4651BA2141A26FE5E558317 /* Transport */,
				6D4CFE16DD1C32E80DE5A277 /* MAAudioProbeApp.swift */,
				5640640202127DBA4646CE55 /* ProbeAppModel.swift */,
				19C16B634C6C1B2FBE302214 /* ProbeGateView.swift */,
			);
			path = MAAudioProbe;
			sourceTree = "<group>";
		};
		EEBB15BD526ED2FE81CC6DA8 /* Features */ = {
			isa = PBXGroup;
			children = (
				48675947968BB89BA7FF3ACC /* KaiwaLoop */,
			);
			path = Features;
			sourceTree = "<group>";
		};
		F1093BA5156E826BEF3D6EB4 /* Products */ = {
			isa = PBXGroup;
			children = (
				B9C0DB466F0F0EBBB26A2AE9 /* MA.app */,
				12791F3A18A8DFEF656DC8BD /* MAAudioProbe.app */,
				1301D3DEEF8FE1F45BEB6823 /* MAAudioProbeTests.xctest */,
				38B1567D46058BF236FBF972 /* MATests.xctest */,
				38A26651B63A69422EC6A4F1 /* MAUITests.xctest */,
			);
			name = Products;
			sourceTree = "<group>";
		};
		F4651BA2141A26FE5E558317 /* Transport */ = {
			isa = PBXGroup;
			children = (
				715D920C296B4AD035F3ACBE /* ProbeInputAudioPump.swift */,
				4075E790C2787509F9387CAE /* ProbeResponseGate.swift */,
				A387FB78CD13AE8E99A37900 /* RealtimeClientCommand.swift */,
				203EA7D261672596F93A9518 /* RealtimeOutboundCommandQueue.swift */,
				46A731E7B19BE472F0487BBF /* RealtimePolicyVerifier.swift */,
				82D8941D30742E1B9090B34D /* RealtimeServerEvent.swift */,
				F213FFDBA78A05B8FDDA8A9E /* RealtimeWebSocketTransport.swift */,
			);
			path = Transport;
			sourceTree = "<group>";
		};
/* End PBXGroup section */

/* Begin PBXNativeTarget section */
		245AC34ED1D8B51689A44DE7 /* MAUITests */ = {
			isa = PBXNativeTarget;
			buildConfigurationList = 53C6855085AD705B40A04CCB /* Build configuration list for PBXNativeTarget "MAUITests" */;
			buildPhases = (
				75C888A9313AAA742E742EA9 /* Sources */,
			);
			buildRules = (
			);
			dependencies = (
				38CA94F2C2D4DE6566B47338 /* PBXTargetDependency */,
			);
			name = MAUITests;
			packageProductDependencies = (
			);
			productName = MAUITests;
			productReference = 38A26651B63A69422EC6A4F1 /* MAUITests.xctest */;
			productType = "com.apple.product-type.bundle.ui-testing";
		};
		38B2F7EA319073995D5BFE00 /* MA */ = {
			isa = PBXNativeTarget;
			buildConfigurationList = C17686DA688BEE25248D9F21 /* Build configuration list for PBXNativeTarget "MA" */;
			buildPhases = (
				D6171F093B82B49BE949CBF7 /* Sources */,
				B42DAB4382CCC96DFF7479CB /* Resources */,
			);
			buildRules = (
			);
			dependencies = (
			);
			name = MA;
			packageProductDependencies = (
			);
			productName = MA;
			productReference = B9C0DB466F0F0EBBB26A2AE9 /* MA.app */;
			productType = "com.apple.product-type.application";
		};
		6718DFE0A603182466C64613 /* MAAudioProbe */ = {
			isa = PBXNativeTarget;
			buildConfigurationList = FF74962F317B0382436E3065 /* Build configuration list for PBXNativeTarget "MAAudioProbe" */;
			buildPhases = (
				AB52F7BD8878B9F7EBA31398 /* Sources */,
			);
			buildRules = (
			);
			dependencies = (
			);
			name = MAAudioProbe;
			packageProductDependencies = (
			);
			productName = MAAudioProbe;
			productReference = 12791F3A18A8DFEF656DC8BD /* MAAudioProbe.app */;
			productType = "com.apple.product-type.application";
		};
		DEBE68A9DFA4C57B74BEA1F2 /* MAAudioProbeTests */ = {
			isa = PBXNativeTarget;
			buildConfigurationList = A5950F18092B76E2481C5A19 /* Build configuration list for PBXNativeTarget "MAAudioProbeTests" */;
			buildPhases = (
				647BA8CA945B5955191C6B2F /* Sources */,
			);
			buildRules = (
			);
			dependencies = (
				1539F32582301CCCDC7A0E0E /* PBXTargetDependency */,
			);
			name = MAAudioProbeTests;
			packageProductDependencies = (
			);
			productName = MAAudioProbeTests;
			productReference = 1301D3DEEF8FE1F45BEB6823 /* MAAudioProbeTests.xctest */;
			productType = "com.apple.product-type.bundle.unit-test";
		};
		F2B4A0255BB8DD343C795FD9 /* MATests */ = {
			isa = PBXNativeTarget;
			buildConfigurationList = EDC0789D0B17A44854319B20 /* Build configuration list for PBXNativeTarget "MATests" */;
			buildPhases = (
				9DC2863810288200EA738FAB /* Sources */,
			);
			buildRules = (
			);
			dependencies = (
				33186D8607EB9A3C84B50456 /* PBXTargetDependency */,
			);
			name = MATests;
			packageProductDependencies = (
			);
			productName = MATests;
			productReference = 38B1567D46058BF236FBF972 /* MATests.xctest */;
			productType = "com.apple.product-type.bundle.unit-test";
		};
/* End PBXNativeTarget section */

/* Begin PBXProject section */
		6B7FC0E200C5BDDEE9051C1E /* Project object */ = {
			isa = PBXProject;
			attributes = {
				BuildIndependentTargetsInParallel = YES;
				LastUpgradeCheck = 1430;
				TargetAttributes = {
					245AC34ED1D8B51689A44DE7 = {
						DevelopmentTeam = 38CFN3HCUJ;
						ProvisioningStyle = Automatic;
						TestTargetID = 38B2F7EA319073995D5BFE00;
					};
					38B2F7EA319073995D5BFE00 = {
						DevelopmentTeam = 38CFN3HCUJ;
						ProvisioningStyle = Automatic;
					};
					6718DFE0A603182466C64613 = {
						DevelopmentTeam = 38CFN3HCUJ;
						ProvisioningStyle = Automatic;
					};
					DEBE68A9DFA4C57B74BEA1F2 = {
						DevelopmentTeam = 38CFN3HCUJ;
						ProvisioningStyle = Automatic;
					};
					F2B4A0255BB8DD343C795FD9 = {
						DevelopmentTeam = 38CFN3HCUJ;
						ProvisioningStyle = Automatic;
					};
				};
			};
			buildConfigurationList = A847D119DDB855A8A7C1881C /* Build configuration list for PBXProject "MA" */;
			developmentRegion = en;
			hasScannedForEncodings = 0;
			knownRegions = (
				Base,
				en,
			);
			mainGroup = 3BF8D0B664FC5FA3083B5046;
			minimizedProjectReferenceProxies = 1;
			preferredProjectObjectVersion = 77;
			productRefGroup = F1093BA5156E826BEF3D6EB4 /* Products */;
			projectDirPath = "";
			projectRoot = "";
			targets = (
				38B2F7EA319073995D5BFE00 /* MA */,
				6718DFE0A603182466C64613 /* MAAudioProbe */,
				DEBE68A9DFA4C57B74BEA1F2 /* MAAudioProbeTests */,
				F2B4A0255BB8DD343C795FD9 /* MATests */,
				245AC34ED1D8B51689A44DE7 /* MAUITests */,
			);
		};
/* End PBXProject section */

/* Begin PBXResourcesBuildPhase section */
		B42DAB4382CCC96DFF7479CB /* Resources */ = {
			isa = PBXResourcesBuildPhase;
			buildActionMask = 2147483647;
			files = (
				041ADC441CB6F42A72C9E1EF /* hitori-desu.m4a in Resources */,
				666CB3A6D34B8F721D9252E0 /* repair-beat.m4a in Resources */,
				8C3DBB2FB0204DD647BCFAEF /* tutor-resume.m4a in Resources */,
				C2CA8691F9499E87EEE8B16B /* tutor-turn.m4a in Resources */,
			);
			runOnlyForDeploymentPostprocessing = 0;
		};
/* End PBXResourcesBuildPhase section */

/* Begin PBXSourcesBuildPhase section */
		647BA8CA945B5955191C6B2F /* Sources */ = {
			isa = PBXSourcesBuildPhase;
			buildActionMask = 2147483647;
			files = (
				B467BCCB2FCA4FBCC81CC9E8 /* AudioGraphConfigurationTests.swift in Sources */,
				5D6FB91E62CBA2DB8ED6C980 /* AudioGraphEvidenceStoreTests.swift in Sources */,
				27DCF306829A48AC0C59C7B7 /* ProbeAppModelTests.swift in Sources */,
				F99C2A96AB3E8C240BB39BB1 /* ProbeDiagnosticsTests.swift in Sources */,
				E2112BD7073C72ABB27307DF /* ProbeEvidenceArchiveTests.swift in Sources */,
				27083A3247DFF0F2BA56DD9C /* ProbeGateStateTests.swift in Sources */,
				B726E6F0E435019C550091CE /* ProbeResponseGateTests.swift in Sources */,
				AEED92A1512DF22AA798CA7F /* RealtimeClientCommandTests.swift in Sources */,
				7884D70A37B9FDB9470FF8DB /* RealtimeOutboundCommandQueueTests.swift in Sources */,
				162D14C33575C8AC7B2DA742 /* RealtimePolicyVerifierTests.swift in Sources */,
				801BB716E175288B8434840E /* RealtimeServerEventTests.swift in Sources */,
				EDA0D7742731F986A138D5DD /* RealtimeWebSocketTransportTests.swift in Sources */,
				FA2052C43808C68CB7439E1C /* RenderedAudioRingBufferTests.swift in Sources */,
				B3BBD1AB832D87F6FD424DCE /* RenderedPlayoutLedgerTests.swift in Sources */,
				502EB409366DB83DF65E4B88 /* SessionBrokerClientTests.swift in Sources */,
			);
			runOnlyForDeploymentPostprocessing = 0;
		};
		75C888A9313AAA742E742EA9 /* Sources */ = {
			isa = PBXSourcesBuildPhase;
			buildActionMask = 2147483647;
			files = (
				36281D5DD0223D1BB7E69763 /* DynamicTypeContainmentUITests.swift in Sources */,
				AFB836052FFBCD4FD40C59D7 /* HeroAccessibilityUITests.swift in Sources */,
				A717103649EB57A3AF9A6315 /* KaiwaProductSmokeUITests.swift in Sources */,
			);
			runOnlyForDeploymentPostprocessing = 0;
		};
		9DC2863810288200EA738FAB /* Sources */ = {
			isa = PBXSourcesBuildPhase;
			buildActionMask = 2147483647;
			files = (
				794A6A672A8304F9356C29F3 /* AXOverflowTests.swift in Sources */,
				F35DD21B2EA0F55321F9994A /* BackchannelContinuityTests.swift in Sources */,
				1B36CB1A13C4D94AF056E4EF /* CoachedFlowTests.swift in Sources */,
				B31ACAE8C40AA502A489FA2B /* HeardBeatTests.swift in Sources */,
				74F31B092C5D3279A0029F06 /* HeroReplayTests.swift in Sources */,
				8C4CD145B4607474F6D6F627 /* InteractiveFixtureFlowTests.swift in Sources */,
				60DAE1A10078DFCB596D6EFB /* KaiwaLoopFeatureTests.swift in Sources */,
				C4C3118360151A7AAA132BA8 /* OnboardingStateTests.swift in Sources */,
				10CDC4AB904AF758A74A4BC8 /* PracticeReducerTests.swift in Sources */,
				FEB6EF739A49DAF1A6067878 /* ProductAudioContractsTests.swift in Sources */,
				245BF8D6D931295DA0AF4D56 /* ProofFactsTests.swift in Sources */,
				2A5ACDBAEAD2B29029C4DF8C /* RailLayoutTests.swift in Sources */,
				5ADF7F911F0ADC1B2D6B79BF /* ReplayLabelTests.swift in Sources */,
				B12FC6D5AC31D7BF0F20D446 /* SceneCatalogTests.swift in Sources */,
				00B6C6C247241D34A8FB633F /* VoiceInkDeterminismTests.swift in Sources */,
			);
			runOnlyForDeploymentPostprocessing = 0;
		};
		AB52F7BD8878B9F7EBA31398 /* Sources */ = {
			isa = PBXSourcesBuildPhase;
			buildActionMask = 2147483647;
			files = (
				67F4B586D245BDF6FDB0A3B9 /* AudioCallbackWorker.swift in Sources */,
				32BA2BD93EBADBC6132009C8 /* AudioGraphConfiguration.swift in Sources */,
				BB4DBC3C37BB68EA3A710FFB /* AudioGraphController.swift in Sources */,
				BAE42114F4F9384D8137A622 /* AudioGraphEvidenceStore.swift in Sources */,
				5AB4A1603E360CBD03B271B5 /* InstallCredentialStore.swift in Sources */,
				2F6E93CBC683D5A11FBF2E4F /* MAAudioProbeApp.swift in Sources */,
				87E2A4C3C2BEF22D86BE954D /* ProbeAppModel.swift in Sources */,
				9D6CF909066B530CEF608C64 /* ProbeConfiguration.swift in Sources */,
				E2E7A50E29F4EF2EB6AA4FA2 /* ProbeDiagnostics.swift in Sources */,
				19586E243C5928A4A349B1F3 /* ProbeEvidenceArchive.swift in Sources */,
				B44D2E7D56DB59C6947C5043 /* ProbeGateView.swift in Sources */,
				344B2E7F818EF592C7A898EE /* ProbeInputAudioPump.swift in Sources */,
				E6A48D454C2EB776C27BFD6C /* ProbeResponseGate.swift in Sources */,
				7A8D2F2B000D01CA0BFC7298 /* RealtimeClientCommand.swift in Sources */,
				78F16BB3E35D8E8A46C154ED /* RealtimeOutboundCommandQueue.swift in Sources */,
				9B32BDE8497F15A96F5F75E3 /* RealtimePolicyVerifier.swift in Sources */,
				B54F260BDB9E14FA5322D557 /* RealtimeServerEvent.swift in Sources */,
				8DF6CF706AF416538640F858 /* RealtimeWebSocketTransport.swift in Sources */,
				3727BA637F1349CBF2A56A04 /* RenderedAudioRingBuffer.swift in Sources */,
				1BF2EB3A262301A3F6C3980A /* RenderedPlayoutLedger.swift in Sources */,
				F5778DC3A60D62E7B179436E /* SessionBrokerClient.swift in Sources */,
			);
			runOnlyForDeploymentPostprocessing = 0;
		};
		D6171F093B82B49BE949CBF7 /* Sources */ = {
			isa = PBXSourcesBuildPhase;
			buildActionMask = 2147483647;
			files = (
				0ADC39D8F064232802B36291 /* AdaptiveScreen.swift in Sources */,
				A4E485C8619AD9B42B9E503E /* AudioAssetCatalog.swift in Sources */,
				03CE91339D50B7BE9E114560 /* AudioGraphController.swift in Sources */,
				C94C713762788E3B7D8C13AF /* ChoiceChip.swift in Sources */,
				B373BE18A468901F4299376E /* ChromeBar.swift in Sources */,
				F80BA69FF56CD2E580E6ACCC /* CoachedPracticeView.swift in Sources */,
				80725FE06A8BBDCD251EF18F /* ControlsIntroView.swift in Sources */,
				F9B2F3FA2B501C66796C0DCF /* FirstSuccessView.swift in Sources */,
				90CCD3E162D970F43A7FB05F /* HeardTimelineView.swift in Sources */,
				3C943257343EADE818A776CC /* HeroSceneCard.swift in Sources */,
				BA2EF7F1776EED6BDEF6A53B /* HomeView.swift in Sources */,
				A7A1E153A2B6E02F173E7950 /* InkGlyph.swift in Sources */,
				D95F6246DAE62304CF0C2539 /* KaiwaLoopFeature.swift in Sources */,
				8AABD6A7D2D9EF0C906FB751 /* KaiwaLoopModels.swift in Sources */,
				1AA06861D4672CD55DB70F27 /* KaiwaLoopView.swift in Sources */,
				96F9EF5DECD9840FAD8CA205 /* LearnerProfile.swift in Sources */,
				278C51526221CD99A04A9F19 /* ListeningView.swift in Sources */,
				370689073927191D843D5602 /* MAApp.swift in Sources */,
				237F47BCF8278553461A3F16 /* MATheme.swift in Sources */,
				678955B58B18FC10E1ACBABF /* OnboardingProgress.swift in Sources */,
				B8CC1F1D9E32B3508F2900D4 /* OnboardingView.swift in Sources */,
				A759798119CD9DF1E06A4671 /* PracticeCapabilities.swift in Sources */,
				0A5AFA6F01E0ED22ADBF8019 /* PracticeEvent.swift in Sources */,
				76D3358C1C4C9B50D694D0CE /* PracticeFeature.swift in Sources */,
				A50A56012FC589F6B43730BA /* PracticeReducer.swift in Sources */,
				BA7CCCA566E1D8B19C0D1DAA /* PracticeRootView.swift in Sources */,
				77E82760941DAAFCC619B07B /* PracticeState.swift in Sources */,
				F60ACD080E2323BDFD60C08A /* PrimaryButton.swift in Sources */,
				4952B7FA12C810F1C5914B46 /* ProductAudioContracts.swift in Sources */,
				C16013E7EC8BA3C77449937F /* ProfileSheet.swift in Sources */,
				3C87822241054011DB6D19A4 /* ProofView.swift in Sources */,
				902B4E9CB233C3FBAF74E46C /* RepairView.swift in Sources */,
				AAC876B6987BEF7808A3E6D0 /* RestaurantForOneFixture.swift in Sources */,
				79DA244675DD1FE7EC0C7F74 /* RootFlowView.swift in Sources */,
				DA57E78B6345AF5D60A822B9 /* SceneCatalog.swift in Sources */,
				9F2A9B41F04FB571C2DC54A3 /* SetupView.swift in Sources */,
				9B54D0198A776F6E99C389EC /* VoiceInkGeometry.swift in Sources */,
				AB130AEA1281A279DD04A4A7 /* VoiceInkView.swift in Sources */,
			);
			runOnlyForDeploymentPostprocessing = 0;
		};
/* End PBXSourcesBuildPhase section */

/* Begin PBXTargetDependency section */
		1539F32582301CCCDC7A0E0E /* PBXTargetDependency */ = {
			isa = PBXTargetDependency;
			target = 6718DFE0A603182466C64613 /* MAAudioProbe */;
			targetProxy = EB116ADCCB54BF7CC863D566 /* PBXContainerItemProxy */;
		};
		33186D8607EB9A3C84B50456 /* PBXTargetDependency */ = {
			isa = PBXTargetDependency;
			target = 38B2F7EA319073995D5BFE00 /* MA */;
			targetProxy = DFEBC1100EF172508F9774D0 /* PBXContainerItemProxy */;
		};
		38CA94F2C2D4DE6566B47338 /* PBXTargetDependency */ = {
			isa = PBXTargetDependency;
			target = 38B2F7EA319073995D5BFE00 /* MA */;
			targetProxy = 151CE2FF3B65CA51374AC2E9 /* PBXContainerItemProxy */;
		};
/* End PBXTargetDependency section */

/* Begin XCBuildConfiguration section */
		362213DB6B4FA3607EF0CEA3 /* Debug */ = {
			isa = XCBuildConfiguration;
			buildSettings = {
				BUNDLE_LOADER = "$(TEST_HOST)";
				GENERATE_INFOPLIST_FILE = YES;
				IPHONEOS_DEPLOYMENT_TARGET = 18.0;
				LD_RUNPATH_SEARCH_PATHS = (
					"$(inherited)",
					"@executable_path/Frameworks",
					"@loader_path/Frameworks",
				);
				PRODUCT_BUNDLE_IDENTIFIER = com.ia.ma.uitests;
				PRODUCT_NAME = MAUITests;
				SDKROOT = iphoneos;
				TARGETED_DEVICE_FAMILY = "1,2";
				TEST_TARGET_NAME = MA;
			};
			name = Debug;
		};
		612E16E32A100CCCDB35AF98 /* Debug */ = {
			isa = XCBuildConfiguration;
			buildSettings = {
				ASSETCATALOG_COMPILER_APPICON_NAME = AppIcon;
				ASSETCATALOG_COMPILER_GLOBAL_ACCENT_COLOR_NAME = AccentColor;
				CODE_SIGN_IDENTITY = "iPhone Developer";
				CURRENT_PROJECT_VERSION = 1;
				GENERATE_INFOPLIST_FILE = YES;
				INFOPLIST_KEY_CFBundleDisplayName = "MA Audio Probe";
				INFOPLIST_KEY_NSMicrophoneUsageDescription = "MA uses the microphone to test whether a learner can speak while tutor audio is playing.";
				INFOPLIST_KEY_UIApplicationSceneManifest_Generation = YES;
				INFOPLIST_KEY_UIApplicationSupportsIndirectInputEvents = YES;
				INFOPLIST_KEY_UILaunchScreen_Generation = YES;
				INFOPLIST_KEY_UISupportedInterfaceOrientations = "UIInterfaceOrientationPortrait UIInterfaceOrientationPortraitUpsideDown UIInterfaceOrientationLandscapeLeft UIInterfaceOrientationLandscapeRight";
				IPHONEOS_DEPLOYMENT_TARGET = 18.0;
				LD_RUNPATH_SEARCH_PATHS = (
					"$(inherited)",
					"@executable_path/Frameworks",
				);
				MARKETING_VERSION = 0.0.1;
				PRODUCT_BUNDLE_IDENTIFIER = "com.ia.ma.audio-probe";
				PRODUCT_NAME = MAAudioProbe;
				SDKROOT = iphoneos;
				TARGETED_DEVICE_FAMILY = "1,2";
			};
			name = Debug;
		};
		6D63532BDB9D3795AD280DB6 /* Release */ = {
			isa = XCBuildConfiguration;
			buildSettings = {
				BUNDLE_LOADER = "$(TEST_HOST)";
				GENERATE_INFOPLIST_FILE = YES;
				IPHONEOS_DEPLOYMENT_TARGET = 18.0;
				LD_RUNPATH_SEARCH_PATHS = (
					"$(inherited)",
					"@executable_path/Frameworks",
					"@loader_path/Frameworks",
				);
				PRODUCT_BUNDLE_IDENTIFIER = com.ia.ma.uitests;
				PRODUCT_NAME = MAUITests;
				SDKROOT = iphoneos;
				TARGETED_DEVICE_FAMILY = "1,2";
				TEST_TARGET_NAME = MA;
			};
			name = Release;
		};
		8A79E10EB5BC693FC7CD9090 /* Debug */ = {
			isa = XCBuildConfiguration;
			buildSettings = {
				ASSETCATALOG_COMPILER_APPICON_NAME = AppIcon;
				CODE_SIGN_IDENTITY = "iPhone Developer";
				CURRENT_PROJECT_VERSION = 1;
				GENERATE_INFOPLIST_FILE = YES;
				INFOPLIST_KEY_CFBundleDisplayName = MA;
				INFOPLIST_KEY_NSMicrophoneUsageDescription = "MA uses the microphone only while you record a short practice attempt; raw audio is discarded after local timing and speech-presence evidence is derived.";
				INFOPLIST_KEY_UIApplicationSceneManifest_Generation = YES;
				INFOPLIST_KEY_UIApplicationSupportsIndirectInputEvents = YES;
				INFOPLIST_KEY_UILaunchScreen_Generation = YES;
				INFOPLIST_KEY_UIRequiresFullScreen = YES;
				INFOPLIST_KEY_UISupportedInterfaceOrientations = UIInterfaceOrientationPortrait;
				IPHONEOS_DEPLOYMENT_TARGET = 18.0;
				LD_RUNPATH_SEARCH_PATHS = (
					"$(inherited)",
					"@executable_path/Frameworks",
				);
				MARKETING_VERSION = 0.0.1;
				PRODUCT_BUNDLE_IDENTIFIER = com.ia.ma;
				PRODUCT_NAME = MA;
				SDKROOT = iphoneos;
				TARGETED_DEVICE_FAMILY = "1,2";
			};
			name = Debug;
		};
		8E1160C06D4DAB3FD6121F28 /* Release */ = {
			isa = XCBuildConfiguration;
			buildSettings = {
				BUNDLE_LOADER = "$(TEST_HOST)";
				GENERATE_INFOPLIST_FILE = YES;
				IPHONEOS_DEPLOYMENT_TARGET = 18.0;
				LD_RUNPATH_SEARCH_PATHS = (
					"$(inherited)",
					"@executable_path/Frameworks",
					"@loader_path/Frameworks",
				);
				PRODUCT_BUNDLE_IDENTIFIER = "com.ia.ma.audio-probe.tests";
				PRODUCT_NAME = MAAudioProbeTests;
				SDKROOT = iphoneos;
				TARGETED_DEVICE_FAMILY = "1,2";
				TEST_HOST = "$(BUILT_PRODUCTS_DIR)/MAAudioProbe.app/MAAudioProbe";
			};
			name = Release;
		};
		A6C3726F9634E7F0966143A8 /* Debug */ = {
			isa = XCBuildConfiguration;
			buildSettings = {
				ALWAYS_SEARCH_USER_PATHS = NO;
				CLANG_ANALYZER_NONNULL = YES;
				CLANG_ANALYZER_NUMBER_OBJECT_CONVERSION = YES_AGGRESSIVE;
				CLANG_CXX_LANGUAGE_STANDARD = "gnu++14";
				CLANG_CXX_LIBRARY = "libc++";
				CLANG_ENABLE_MODULES = YES;
				CLANG_ENABLE_OBJC_ARC = YES;
				CLANG_ENABLE_OBJC_WEAK = YES;
				CLANG_WARN_BLOCK_CAPTURE_AUTORELEASING = YES;
				CLANG_WARN_BOOL_CONVERSION = YES;
				CLANG_WARN_COMMA = YES;
				CLANG_WARN_CONSTANT_CONVERSION = YES;
				CLANG_WARN_DEPRECATED_OBJC_IMPLEMENTATIONS = YES;
				CLANG_WARN_DIRECT_OBJC_ISA_USAGE = YES_ERROR;
				CLANG_WARN_DOCUMENTATION_COMMENTS = YES;
				CLANG_WARN_EMPTY_BODY = YES;
				CLANG_WARN_ENUM_CONVERSION = YES;
				CLANG_WARN_INFINITE_RECURSION = YES;
				CLANG_WARN_INT_CONVERSION = YES;
				CLANG_WARN_NON_LITERAL_NULL_CONVERSION = YES;
				CLANG_WARN_OBJC_IMPLICIT_RETAIN_SELF = YES;
				CLANG_WARN_OBJC_LITERAL_CONVERSION = YES;
				CLANG_WARN_OBJC_ROOT_CLASS = YES_ERROR;
				CLANG_WARN_QUOTED_INCLUDE_IN_FRAMEWORK_HEADER = YES;
				CLANG_WARN_RANGE_LOOP_ANALYSIS = YES;
				CLANG_WARN_STRICT_PROTOTYPES = YES;
				CLANG_WARN_SUSPICIOUS_MOVE = YES;
				CLANG_WARN_UNGUARDED_AVAILABILITY = YES_AGGRESSIVE;
				CLANG_WARN_UNREACHABLE_CODE = YES;
				CLANG_WARN__DUPLICATE_METHOD_MATCH = YES;
				CODE_SIGN_STYLE = Automatic;
				COPY_PHASE_STRIP = NO;
				DEBUG_INFORMATION_FORMAT = dwarf;
				DEVELOPMENT_TEAM = 38CFN3HCUJ;
				ENABLE_STRICT_OBJC_MSGSEND = YES;
				ENABLE_TESTABILITY = YES;
				GCC_C_LANGUAGE_STANDARD = gnu11;
				GCC_DYNAMIC_NO_PIC = NO;
				GCC_NO_COMMON_BLOCKS = YES;
				GCC_OPTIMIZATION_LEVEL = 0;
				GCC_PREPROCESSOR_DEFINITIONS = (
					"$(inherited)",
					"DEBUG=1",
				);
				GCC_WARN_64_TO_32_BIT_CONVERSION = YES;
				GCC_WARN_ABOUT_RETURN_TYPE = YES_ERROR;
				GCC_WARN_UNDECLARED_SELECTOR = YES;
				GCC_WARN_UNINITIALIZED_AUTOS = YES_AGGRESSIVE;
				GCC_WARN_UNUSED_FUNCTION = YES;
				GCC_WARN_UNUSED_VARIABLE = YES;
				IPHONEOS_DEPLOYMENT_TARGET = 18.0;
				MTL_ENABLE_DEBUG_INFO = INCLUDE_SOURCE;
				MTL_FAST_MATH = YES;
				ONLY_ACTIVE_ARCH = YES;
				PRODUCT_NAME = "$(TARGET_NAME)";
				SDKROOT = iphoneos;
				SWIFT_ACTIVE_COMPILATION_CONDITIONS = DEBUG;
				SWIFT_OPTIMIZATION_LEVEL = "-Onone";
				SWIFT_VERSION = 6.0;
				TARGETED_DEVICE_FAMILY = 1;
			};
			name = Debug;
		};
		C6B96C352F51062F34CDD455 /* Release */ = {
			isa = XCBuildConfiguration;
			buildSettings = {
				ASSETCATALOG_COMPILER_APPICON_NAME = AppIcon;
				CODE_SIGN_IDENTITY = "iPhone Developer";
				CURRENT_PROJECT_VERSION = 1;
				GENERATE_INFOPLIST_FILE = YES;
				INFOPLIST_KEY_CFBundleDisplayName = MA;
				INFOPLIST_KEY_NSMicrophoneUsageDescription = "MA uses the microphone only while you record a short practice attempt; raw audio is discarded after local timing and speech-presence evidence is derived.";
				INFOPLIST_KEY_UIApplicationSceneManifest_Generation = YES;
				INFOPLIST_KEY_UIApplicationSupportsIndirectInputEvents = YES;
				INFOPLIST_KEY_UILaunchScreen_Generation = YES;
				INFOPLIST_KEY_UIRequiresFullScreen = YES;
				INFOPLIST_KEY_UISupportedInterfaceOrientations = UIInterfaceOrientationPortrait;
				IPHONEOS_DEPLOYMENT_TARGET = 18.0;
				LD_RUNPATH_SEARCH_PATHS = (
					"$(inherited)",
					"@executable_path/Frameworks",
				);
				MARKETING_VERSION = 0.0.1;
				PRODUCT_BUNDLE_IDENTIFIER = com.ia.ma;
				PRODUCT_NAME = MA;
				SDKROOT = iphoneos;
				TARGETED_DEVICE_FAMILY = "1,2";
			};
			name = Release;
		};
		DC35FC71403CC5617EE47C70 /* Debug */ = {
			isa = XCBuildConfiguration;
			buildSettings = {
				BUNDLE_LOADER = "$(TEST_HOST)";
				GENERATE_INFOPLIST_FILE = YES;
				IPHONEOS_DEPLOYMENT_TARGET = 18.0;
				LD_RUNPATH_SEARCH_PATHS = (
					"$(inherited)",
					"@executable_path/Frameworks",
					"@loader_path/Frameworks",
				);
				PRODUCT_BUNDLE_IDENTIFIER = com.ia.ma.tests;
				PRODUCT_NAME = MATests;
				SDKROOT = iphoneos;
				TARGETED_DEVICE_FAMILY = "1,2";
				TEST_HOST = "$(BUILT_PRODUCTS_DIR)/MA.app/MA";
			};
			name = Debug;
		};
		E1F0843DFD0696DD3BF96EE4 /* Release */ = {
			isa = XCBuildConfiguration;
			buildSettings = {
				ASSETCATALOG_COMPILER_APPICON_NAME = AppIcon;
				ASSETCATALOG_COMPILER_GLOBAL_ACCENT_COLOR_NAME = AccentColor;
				CODE_SIGN_IDENTITY = "iPhone Developer";
				CURRENT_PROJECT_VERSION = 1;
				GENERATE_INFOPLIST_FILE = YES;
				INFOPLIST_KEY_CFBundleDisplayName = "MA Audio Probe";
				INFOPLIST_KEY_NSMicrophoneUsageDescription = "MA uses the microphone to test whether a learner can speak while tutor audio is playing.";
				INFOPLIST_KEY_UIApplicationSceneManifest_Generation = YES;
				INFOPLIST_KEY_UIApplicationSupportsIndirectInputEvents = YES;
				INFOPLIST_KEY_UILaunchScreen_Generation = YES;
				INFOPLIST_KEY_UISupportedInterfaceOrientations = "UIInterfaceOrientationPortrait UIInterfaceOrientationPortraitUpsideDown UIInterfaceOrientationLandscapeLeft UIInterfaceOrientationLandscapeRight";
				IPHONEOS_DEPLOYMENT_TARGET = 18.0;
				LD_RUNPATH_SEARCH_PATHS = (
					"$(inherited)",
					"@executable_path/Frameworks",
				);
				MARKETING_VERSION = 0.0.1;
				PRODUCT_BUNDLE_IDENTIFIER = "com.ia.ma.audio-probe";
				PRODUCT_NAME = MAAudioProbe;
				SDKROOT = iphoneos;
				TARGETED_DEVICE_FAMILY = "1,2";
			};
			name = Release;
		};
		EAA5D1B3BD2BD2F2C353C7F6 /* Release */ = {
			isa = XCBuildConfiguration;
			buildSettings = {
				ALWAYS_SEARCH_USER_PATHS = NO;
				CLANG_ANALYZER_NONNULL = YES;
				CLANG_ANALYZER_NUMBER_OBJECT_CONVERSION = YES_AGGRESSIVE;
				CLANG_CXX_LANGUAGE_STANDARD = "gnu++14";
				CLANG_CXX_LIBRARY = "libc++";
				CLANG_ENABLE_MODULES = YES;
				CLANG_ENABLE_OBJC_ARC = YES;
				CLANG_ENABLE_OBJC_WEAK = YES;
				CLANG_WARN_BLOCK_CAPTURE_AUTORELEASING = YES;
				CLANG_WARN_BOOL_CONVERSION = YES;
				CLANG_WARN_COMMA = YES;
				CLANG_WARN_CONSTANT_CONVERSION = YES;
				CLANG_WARN_DEPRECATED_OBJC_IMPLEMENTATIONS = YES;
				CLANG_WARN_DIRECT_OBJC_ISA_USAGE = YES_ERROR;
				CLANG_WARN_DOCUMENTATION_COMMENTS = YES;
				CLANG_WARN_EMPTY_BODY = YES;
				CLANG_WARN_ENUM_CONVERSION = YES;
				CLANG_WARN_INFINITE_RECURSION = YES;
				CLANG_WARN_INT_CONVERSION = YES;
				CLANG_WARN_NON_LITERAL_NULL_CONVERSION = YES;
				CLANG_WARN_OBJC_IMPLICIT_RETAIN_SELF = YES;
				CLANG_WARN_OBJC_LITERAL_CONVERSION = YES;
				CLANG_WARN_OBJC_ROOT_CLASS = YES_ERROR;
				CLANG_WARN_QUOTED_INCLUDE_IN_FRAMEWORK_HEADER = YES;
				CLANG_WARN_RANGE_LOOP_ANALYSIS = YES;
				CLANG_WARN_STRICT_PROTOTYPES = YES;
				CLANG_WARN_SUSPICIOUS_MOVE = YES;
				CLANG_WARN_UNGUARDED_AVAILABILITY = YES_AGGRESSIVE;
				CLANG_WARN_UNREACHABLE_CODE = YES;
				CLANG_WARN__DUPLICATE_METHOD_MATCH = YES;
				CODE_SIGN_STYLE = Automatic;
				COPY_PHASE_STRIP = NO;
				DEBUG_INFORMATION_FORMAT = "dwarf-with-dsym";
				DEVELOPMENT_TEAM = 38CFN3HCUJ;
				ENABLE_NS_ASSERTIONS = NO;
				ENABLE_STRICT_OBJC_MSGSEND = YES;
				GCC_C_LANGUAGE_STANDARD = gnu11;
				GCC_NO_COMMON_BLOCKS = YES;
				GCC_WARN_64_TO_32_BIT_CONVERSION = YES;
				GCC_WARN_ABOUT_RETURN_TYPE = YES_ERROR;
				GCC_WARN_UNDECLARED_SELECTOR = YES;
				GCC_WARN_UNINITIALIZED_AUTOS = YES_AGGRESSIVE;
				GCC_WARN_UNUSED_FUNCTION = YES;
				GCC_WARN_UNUSED_VARIABLE = YES;
				IPHONEOS_DEPLOYMENT_TARGET = 18.0;
				MTL_ENABLE_DEBUG_INFO = NO;
				MTL_FAST_MATH = YES;
				PRODUCT_NAME = "$(TARGET_NAME)";
				SDKROOT = iphoneos;
				SWIFT_COMPILATION_MODE = wholemodule;
				SWIFT_OPTIMIZATION_LEVEL = "-O";
				SWIFT_VERSION = 6.0;
				TARGETED_DEVICE_FAMILY = 1;
			};
			name = Release;
		};
		EF29F99EFA941EB215BBAD34 /* Release */ = {
			isa = XCBuildConfiguration;
			buildSettings = {
				BUNDLE_LOADER = "$(TEST_HOST)";
				GENERATE_INFOPLIST_FILE = YES;
				IPHONEOS_DEPLOYMENT_TARGET = 18.0;
				LD_RUNPATH_SEARCH_PATHS = (
					"$(inherited)",
					"@executable_path/Frameworks",
					"@loader_path/Frameworks",
				);
				PRODUCT_BUNDLE_IDENTIFIER = com.ia.ma.tests;
				PRODUCT_NAME = MATests;
				SDKROOT = iphoneos;
				TARGETED_DEVICE_FAMILY = "1,2";
				TEST_HOST = "$(BUILT_PRODUCTS_DIR)/MA.app/MA";
			};
			name = Release;
		};
		F88C2274743C83F3C7AF9880 /* Debug */ = {
			isa = XCBuildConfiguration;
			buildSettings = {
				BUNDLE_LOADER = "$(TEST_HOST)";
				GENERATE_INFOPLIST_FILE = YES;
				IPHONEOS_DEPLOYMENT_TARGET = 18.0;
				LD_RUNPATH_SEARCH_PATHS = (
					"$(inherited)",
					"@executable_path/Frameworks",
					"@loader_path/Frameworks",
				);
				PRODUCT_BUNDLE_IDENTIFIER = "com.ia.ma.audio-probe.tests";
				PRODUCT_NAME = MAAudioProbeTests;
				SDKROOT = iphoneos;
				TARGETED_DEVICE_FAMILY = "1,2";
				TEST_HOST = "$(BUILT_PRODUCTS_DIR)/MAAudioProbe.app/MAAudioProbe";
			};
			name = Debug;
		};
/* End XCBuildConfiguration section */

/* Begin XCConfigurationList section */
		53C6855085AD705B40A04CCB /* Build configuration list for PBXNativeTarget "MAUITests" */ = {
			isa = XCConfigurationList;
			buildConfigurations = (
				362213DB6B4FA3607EF0CEA3 /* Debug */,
				6D63532BDB9D3795AD280DB6 /* Release */,
			);
			defaultConfigurationIsVisible = 0;
			defaultConfigurationName = Debug;
		};
		A5950F18092B76E2481C5A19 /* Build configuration list for PBXNativeTarget "MAAudioProbeTests" */ = {
			isa = XCConfigurationList;
			buildConfigurations = (
				F88C2274743C83F3C7AF9880 /* Debug */,
				8E1160C06D4DAB3FD6121F28 /* Release */,
			);
			defaultConfigurationIsVisible = 0;
			defaultConfigurationName = Debug;
		};
		A847D119DDB855A8A7C1881C /* Build configuration list for PBXProject "MA" */ = {
			isa = XCConfigurationList;
			buildConfigurations = (
				A6C3726F9634E7F0966143A8 /* Debug */,
				EAA5D1B3BD2BD2F2C353C7F6 /* Release */,
			);
			defaultConfigurationIsVisible = 0;
			defaultConfigurationName = Debug;
		};
		C17686DA688BEE25248D9F21 /* Build configuration list for PBXNativeTarget "MA" */ = {
			isa = XCConfigurationList;
			buildConfigurations = (
				8A79E10EB5BC693FC7CD9090 /* Debug */,
				C6B96C352F51062F34CDD455 /* Release */,
			);
			defaultConfigurationIsVisible = 0;
			defaultConfigurationName = Debug;
		};
		EDC0789D0B17A44854319B20 /* Build configuration list for PBXNativeTarget "MATests" */ = {
			isa = XCConfigurationList;
			buildConfigurations = (
				DC35FC71403CC5617EE47C70 /* Debug */,
				EF29F99EFA941EB215BBAD34 /* Release */,
			);
			defaultConfigurationIsVisible = 0;
			defaultConfigurationName = Debug;
		};
		FF74962F317B0382436E3065 /* Build configuration list for PBXNativeTarget "MAAudioProbe" */ = {
			isa = XCConfigurationList;
			buildConfigurations = (
				612E16E32A100CCCDB35AF98 /* Debug */,
				E1F0843DFD0696DD3BF96EE4 /* Release */,
			);
			defaultConfigurationIsVisible = 0;
			defaultConfigurationName = Debug;
		};
/* End XCConfigurationList section */
	};
	rootObject = 6B7FC0E200C5BDDEE9051C1E /* Project object */;
}
